
Microsoft Visual Studio Solution File, Format Version 12.00
# Visual Studio Version 17
VisualStudioVersion = 17.5.33516.290
MinimumVisualStudioVersion = 10.0.40219.1
Project("{FAE04EC0-301F-11D3-BF4B-00C04F79EFBC}") = "Hafta1_1_ButonOrnegi", "Hafta1_1_ButonOrnegi.csproj", "{9DE5D208-03C1-48B4-88AB-9AC819E3DD54}"
EndProject
Global
	GlobalSection(SolutionConfigurationPlatforms) = preSolution
		Debug|Any CPU = Debug|Any CPU
		Release|Any CPU = Release|Any CPU
	EndGlobalSection
	GlobalSection(ProjectConfigurationPlatforms) = postSolution
		{9DE5D208-03C1-48B4-88AB-9AC819E3DD54}.Debug|Any CPU.ActiveCfg = Debug|Any CPU
		{9DE5D208-03C1-48B4-88AB-9AC819E3DD54}.Debug|Any CPU.Build.0 = Debug|Any CPU
		{9DE5D208-03C1-48B4-88AB-9AC819E3DD54}.Release|Any CPU.ActiveCfg = Release|Any CPU
		{9DE5D208-03C1-48B4-88AB-9AC819E3DD54}.Release|Any CPU.Build.0 = Release|Any CPU
	EndGlobalSection
	GlobalSection(SolutionProperties) = preSolution
		HideSolutionNode = FALSE
	EndGlobalSection
	GlobalSection(ExtensibilityGlobals) = postSolution
		SolutionGuid = {6809D8A2-B0F9-4EE0-B0E6-CAD89F19704B}
	EndGlobalSection
EndGlobal
